
Microsoft Visual Studio Solution File, Format Version 12.00
# Visual Studio Version 17
VisualStudioVersion = 17.14.36310.24
MinimumVisualStudioVersion = 10.0.40219.1
Project("{FAE04EC0-301F-11D3-BF4B-00C04F79EFBC}") = "Ejemplo01_Abstraccion_encapsulamiento", "Ejemplo01\Ejemplo01_Abstraccion_encapsulamiento.csproj", "{9146D150-9B70-4155-B741-3AD1161A2DB3}"
EndProject
Project("{FAE04EC0-301F-11D3-BF4B-00C04F79EFBC}") = "Ejemplo02_Jerarquia_objetos", "Ejemplo02\Ejemplo02_Jerarquia_objetos.csproj", "{55CA7CE0-514E-419E-B6EE-392E00F906BD}"
EndProject
Project("{FAE04EC0-301F-11D3-BF4B-00C04F79EFBC}") = "Ejemplo03_Jerarquia_clases_polimorfismo", "Ejemplo03\Ejemplo03_Jerarquia_clases_polimorfismo.csproj", "{8BDFF367-DC09-498F-8A0F-E3E9E5465B41}"
EndProject
Project("{FAE04EC0-301F-11D3-BF4B-00C04F79EFBC}") = "Ejemplo04_Jerarquia_de_clases_polimorfismo", "Ejemplo04\Ejemplo04_Jerarquia_de_clases_polimorfismo.csproj", "{902F9BFA-E2C8-4F31-A597-9DD84930B7C3}"
EndProject
Project("{FAE04EC0-301F-11D3-BF4B-00C04F79EFBC}") = "Ejemplo05_Cadena_de_caracteres", "Ejemplo05\Ejemplo05_Cadena_de_caracteres.csproj", "{687E30CE-D628-4C22-8D2B-B0B2BBDBD6E4}"
EndProject
Project("{FAE04EC0-301F-11D3-BF4B-00C04F79EFBC}") = "Ejemplo06_Excepciones", "Ejemplo06\Ejemplo06_Excepciones.csproj", "{DA0D5B23-9AB4-40BF-9484-4F587614C7C1}"
EndProject
Project("{2150E333-8FDC-42A3-9474-1A3956D46DE8}") = "Parcial1", "Parcial1", "{02EA681E-C7D8-13C7-8484-4AC65E1B71E8}"
EndProject
Project("{2150E333-8FDC-42A3-9474-1A3956D46DE8}") = "Parcial2", "Parcial2", "{DF733B5C-F6B3-4C35-95AE-18F2B2D08F8E}"
EndProject
Project("{FAE04EC0-301F-11D3-BF4B-00C04F79EFBC}") = "Ejemplo07_Excepciones_Servicio", "Ejemplo07\Ejemplo07_Excepciones_Servicio.csproj", "{B3479F2F-584A-4320-82F3-CF328EDD0967}"
EndProject
Project("{FAE04EC0-301F-11D3-BF4B-00C04F79EFBC}") = "Ejemplo08_Fechas", "Ejemplo08\Ejemplo08_Fechas.csproj", "{21855BBE-553E-4A3E-B2C8-F08D6793BC39}"
EndProject
Project("{FAE04EC0-301F-11D3-BF4B-00C04F79EFBC}") = "Ejemplo09_ArchivosTexto", "Ejemplo09\Ejemplo09_ArchivosTexto.csproj", "{FECEB469-F0B7-4506-8414-C89154B0F8D6}"
EndProject
Project("{FAE04EC0-301F-11D3-BF4B-00C04F79EFBC}") = "Ejemplo10_ArchivosBinarios", "Ejemplo10\Ejemplo10_ArchivosBinarios.csproj", "{8E6CAA2E-72FB-4B14-8B33-A9AE4B4B43B8}"
EndProject
Project("{FAE04EC0-301F-11D3-BF4B-00C04F79EFBC}") = "Ejemplo11_ArchivosBinarios_Servicio", "Ejemplo11\Ejemplo11_ArchivosBinarios_Servicio.csproj", "{2090C816-C3C4-48BC-8E11-E656C8416E5E}"
EndProject
Project("{FAE04EC0-301F-11D3-BF4B-00C04F79EFBC}") = "Ejemplo12_EstructuraDatos", "Ejemplo12\Ejemplo12_EstructuraDatos.csproj", "{DFB64CB4-D9AB-4163-A150-1FF97DDE6159}"
EndProject
Project("{FAE04EC0-301F-11D3-BF4B-00C04F79EFBC}") = "Ejemplo13_EstructuraDatos", "Ejemplo13\Ejemplo13_EstructuraDatos.csproj", "{11CE60F0-830C-2509-6E51-5D9842CE62F0}"
EndProject
Global
	GlobalSection(SolutionConfigurationPlatforms) = preSolution
		Debug|Any CPU = Debug|Any CPU
		Release|Any CPU = Release|Any CPU
	EndGlobalSection
	GlobalSection(ProjectConfigurationPlatforms) = postSolution
		{9146D150-9B70-4155-B741-3AD1161A2DB3}.Debug|Any CPU.ActiveCfg = Debug|Any CPU
		{9146D150-9B70-4155-B741-3AD1161A2DB3}.Debug|Any CPU.Build.0 = Debug|Any CPU
		{9146D150-9B70-4155-B741-3AD1161A2DB3}.Release|Any CPU.ActiveCfg = Release|Any CPU
		{9146D150-9B70-4155-B741-3AD1161A2DB3}.Release|Any CPU.Build.0 = Release|Any CPU
		{55CA7CE0-514E-419E-B6EE-392E00F906BD}.Debug|Any CPU.ActiveCfg = Debug|Any CPU
		{55CA7CE0-514E-419E-B6EE-392E00F906BD}.Debug|Any CPU.Build.0 = Debug|Any CPU
		{55CA7CE0-514E-419E-B6EE-392E00F906BD}.Release|Any CPU.ActiveCfg = Release|Any CPU
		{55CA7CE0-514E-419E-B6EE-392E00F906BD}.Release|Any CPU.Build.0 = Release|Any CPU
		{8BDFF367-DC09-498F-8A0F-E3E9E5465B41}.Debug|Any CPU.ActiveCfg = Debug|Any CPU
		{8BDFF367-DC09-498F-8A0F-E3E9E5465B41}.Debug|Any CPU.Build.0 = Debug|Any CPU
		{8BDFF367-DC09-498F-8A0F-E3E9E5465B41}.Release|Any CPU.ActiveCfg = Release|Any CPU
		{8BDFF367-DC09-498F-8A0F-E3E9E5465B41}.Release|Any CPU.Build.0 = Release|Any CPU
		{902F9BFA-E2C8-4F31-A597-9DD84930B7C3}.Debug|Any CPU.ActiveCfg = Debug|Any CPU
		{902F9BFA-E2C8-4F31-A597-9DD84930B7C3}.Debug|Any CPU.Build.0 = Debug|Any CPU
		{902F9BFA-E2C8-4F31-A597-9DD84930B7C3}.Release|Any CPU.ActiveCfg = Release|Any CPU
		{902F9BFA-E2C8-4F31-A597-9DD84930B7C3}.Release|Any CPU.Build.0 = Release|Any CPU
		{687E30CE-D628-4C22-8D2B-B0B2BBDBD6E4}.Debug|Any CPU.ActiveCfg = Debug|Any CPU
		{687E30CE-D628-4C22-8D2B-B0B2BBDBD6E4}.Debug|Any CPU.Build.0 = Debug|Any CPU
		{687E30CE-D628-4C22-8D2B-B0B2BBDBD6E4}.Release|Any CPU.ActiveCfg = Release|Any CPU
		{687E30CE-D628-4C22-8D2B-B0B2BBDBD6E4}.Release|Any CPU.Build.0 = Release|Any CPU
		{DA0D5B23-9AB4-40BF-9484-4F587614C7C1}.Debug|Any CPU.ActiveCfg = Debug|Any CPU
		{DA0D5B23-9AB4-40BF-9484-4F587614C7C1}.Debug|Any CPU.Build.0 = Debug|Any CPU
		{DA0D5B23-9AB4-40BF-9484-4F587614C7C1}.Release|Any CPU.ActiveCfg = Release|Any CPU
		{DA0D5B23-9AB4-40BF-9484-4F587614C7C1}.Release|Any CPU.Build.0 = Release|Any CPU
		{B3479F2F-584A-4320-82F3-CF328EDD0967}.Debug|Any CPU.ActiveCfg = Debug|Any CPU
		{B3479F2F-584A-4320-82F3-CF328EDD0967}.Debug|Any CPU.Build.0 = Debug|Any CPU
		{B3479F2F-584A-4320-82F3-CF328EDD0967}.Release|Any CPU.ActiveCfg = Release|Any CPU
		{B3479F2F-584A-4320-82F3-CF328EDD0967}.Release|Any CPU.Build.0 = Release|Any CPU
		{21855BBE-553E-4A3E-B2C8-F08D6793BC39}.Debug|Any CPU.ActiveCfg = Debug|Any CPU
		{21855BBE-553E-4A3E-B2C8-F08D6793BC39}.Debug|Any CPU.Build.0 = Debug|Any CPU
		{21855BBE-553E-4A3E-B2C8-F08D6793BC39}.Release|Any CPU.ActiveCfg = Release|Any CPU
		{21855BBE-553E-4A3E-B2C8-F08D6793BC39}.Release|Any CPU.Build.0 = Release|Any CPU
		{FECEB469-F0B7-4506-8414-C89154B0F8D6}.Debug|Any CPU.ActiveCfg = Debug|Any CPU
		{FECEB469-F0B7-4506-8414-C89154B0F8D6}.Debug|Any CPU.Build.0 = Debug|Any CPU
		{FECEB469-F0B7-4506-8414-C89154B0F8D6}.Release|Any CPU.ActiveCfg = Release|Any CPU
		{FECEB469-F0B7-4506-8414-C89154B0F8D6}.Release|Any CPU.Build.0 = Release|Any CPU
		{8E6CAA2E-72FB-4B14-8B33-A9AE4B4B43B8}.Debug|Any CPU.ActiveCfg = Debug|Any CPU
		{8E6CAA2E-72FB-4B14-8B33-A9AE4B4B43B8}.Debug|Any CPU.Build.0 = Debug|Any CPU
		{8E6CAA2E-72FB-4B14-8B33-A9AE4B4B43B8}.Release|Any CPU.ActiveCfg = Release|Any CPU
		{8E6CAA2E-72FB-4B14-8B33-A9AE4B4B43B8}.Release|Any CPU.Build.0 = Release|Any CPU
		{2090C816-C3C4-48BC-8E11-E656C8416E5E}.Debug|Any CPU.ActiveCfg = Debug|Any CPU
		{2090C816-C3C4-48BC-8E11-E656C8416E5E}.Debug|Any CPU.Build.0 = Debug|Any CPU
		{2090C816-C3C4-48BC-8E11-E656C8416E5E}.Release|Any CPU.ActiveCfg = Release|Any CPU
		{2090C816-C3C4-48BC-8E11-E656C8416E5E}.Release|Any CPU.Build.0 = Release|Any CPU
		{DFB64CB4-D9AB-4163-A150-1FF97DDE6159}.Debug|Any CPU.ActiveCfg = Debug|Any CPU
		{DFB64CB4-D9AB-4163-A150-1FF97DDE6159}.Debug|Any CPU.Build.0 = Debug|Any CPU
		{DFB64CB4-D9AB-4163-A150-1FF97DDE6159}.Release|Any CPU.ActiveCfg = Release|Any CPU
		{DFB64CB4-D9AB-4163-A150-1FF97DDE6159}.Release|Any CPU.Build.0 = Release|Any CPU
		{11CE60F0-830C-2509-6E51-5D9842CE62F0}.Debug|Any CPU.ActiveCfg = Debug|Any CPU
		{11CE60F0-830C-2509-6E51-5D9842CE62F0}.Debug|Any CPU.Build.0 = Debug|Any CPU
		{11CE60F0-830C-2509-6E51-5D9842CE62F0}.Release|Any CPU.ActiveCfg = Release|Any CPU
		{11CE60F0-830C-2509-6E51-5D9842CE62F0}.Release|Any CPU.Build.0 = Release|Any CPU
	EndGlobalSection
	GlobalSection(SolutionProperties) = preSolution
		HideSolutionNode = FALSE
	EndGlobalSection
	GlobalSection(NestedProjects) = preSolution
		{9146D150-9B70-4155-B741-3AD1161A2DB3} = {02EA681E-C7D8-13C7-8484-4AC65E1B71E8}
		{55CA7CE0-514E-419E-B6EE-392E00F906BD} = {02EA681E-C7D8-13C7-8484-4AC65E1B71E8}
		{8BDFF367-DC09-498F-8A0F-E3E9E5465B41} = {02EA681E-C7D8-13C7-8484-4AC65E1B71E8}
		{902F9BFA-E2C8-4F31-A597-9DD84930B7C3} = {02EA681E-C7D8-13C7-8484-4AC65E1B71E8}
		{687E30CE-D628-4C22-8D2B-B0B2BBDBD6E4} = {DF733B5C-F6B3-4C35-95AE-18F2B2D08F8E}
		{DA0D5B23-9AB4-40BF-9484-4F587614C7C1} = {DF733B5C-F6B3-4C35-95AE-18F2B2D08F8E}
		{B3479F2F-584A-4320-82F3-CF328EDD0967} = {DF733B5C-F6B3-4C35-95AE-18F2B2D08F8E}
		{21855BBE-553E-4A3E-B2C8-F08D6793BC39} = {DF733B5C-F6B3-4C35-95AE-18F2B2D08F8E}
		{FECEB469-F0B7-4506-8414-C89154B0F8D6} = {DF733B5C-F6B3-4C35-95AE-18F2B2D08F8E}
		{8E6CAA2E-72FB-4B14-8B33-A9AE4B4B43B8} = {DF733B5C-F6B3-4C35-95AE-18F2B2D08F8E}
		{2090C816-C3C4-48BC-8E11-E656C8416E5E} = {DF733B5C-F6B3-4C35-95AE-18F2B2D08F8E}
		{DFB64CB4-D9AB-4163-A150-1FF97DDE6159} = {DF733B5C-F6B3-4C35-95AE-18F2B2D08F8E}
		{11CE60F0-830C-2509-6E51-5D9842CE62F0} = {DF733B5C-F6B3-4C35-95AE-18F2B2D08F8E}
	EndGlobalSection
	GlobalSection(ExtensibilityGlobals) = postSolution
		SolutionGuid = {369D7E77-1B52-4803-B20A-8C71752FFC28}
	EndGlobalSection
EndGlobal
